// !$*UTF8*$!
{
	archiveVersion = 1;
	classes = {
	};
	objectVersion = 46;
	objects = {

/* Begin PBXBuildFile section */
		075A2F3E193D1D8C002E8926 /* Foundation.framework in Frameworks */ = {isa = PBXBuildFile; fileRef = 075A2F3D193D1D8C002E8926 /* Foundation.framework */; };
		075A2F40193D1D8C002E8926 /* CoreGraphics.framework in Frameworks */ = {isa = PBXBuildFile; fileRef = 075A2F3F193D1D8C002E8926 /* CoreGraphics.framework */; };
		075A2F42193D1D8C002E8926 /* UIKit.framework in Frameworks */ = {isa = PBXBuildFile; fileRef = 075A2F41193D1D8C002E8926 /* UIKit.framework */; };
		075A2F48193D1D8C002E8926 /* InfoPlist.strings in Resources */ = {isa = PBXBuildFile; fileRef = 075A2F46193D1D8C002E8926 /* InfoPlist.strings */; };
		075A2F4A193D1D8C002E8926 /* main.m in Sources */ = {isa = PBXBuildFile; fileRef = 075A2F49193D1D8C002E8926 /* main.m */; };
		075A2F4E193D1D8C002E8926 /* ELAppDelegate.m in Sources */ = {isa = PBXBuildFile; fileRef = 075A2F4D193D1D8C002E8926 /* ELAppDelegate.m */; };
		075A2F51193D1D8C002E8926 /* Main.storyboard in Resources */ = {isa = PBXBuildFile; fileRef = 075A2F4F193D1D8C002E8926 /* Main.storyboard */; };
		075A2F54193D1D8C002E8926 /* ELViewController.m in Sources */ = {isa = PBXBuildFile; fileRef = 075A2F53193D1D8C002E8926 /* ELViewController.m */; };
		075A2F56193D1D8C002E8926 /* Images.xcassets in Resources */ = {isa = PBXBuildFile; fileRef = 075A2F55193D1D8C002E8926 /* Images.xcassets */; };
		075A2F5D193D1D8C002E8926 /* XCTest.framework in Frameworks */ = {isa = PBXBuildFile; fileRef = 075A2F5C193D1D8C002E8926 /* XCTest.framework */; };
		075A2F5E193D1D8C002E8926 /* Foundation.framework in Frameworks */ = {isa = PBXBuildFile; fileRef = 075A2F3D193D1D8C002E8926 /* Foundation.framework */; };
		075A2F5F193D1D8C002E8926 /* UIKit.framework in Frameworks */ = {isa = PBXBuildFile; fileRef = 075A2F41193D1D8C002E8926 /* UIKit.framework */; };
		075A2F67193D1D8C002E8926 /* InfoPlist.strings in Resources */ = {isa = PBXBuildFile; fileRef = 075A2F65193D1D8C002E8926 /* InfoPlist.strings */; };
		075A2F69193D1D8C002E8926 /* EasyLaunchesTests.m in Sources */ = {isa = PBXBuildFile; fileRef = 075A2F68193D1D8C002E8926 /* EasyLaunchesTests.m */; };
		075A2F73193D1DB6002E8926 /* opencv2.framework in Frameworks */ = {isa = PBXBuildFile; fileRef = 075A2F72193D1DB6002E8926 /* opencv2.framework */; };
		075A2F75193DF197002E8926 /* AudioToolbox.framework in Frameworks */ = {isa = PBXBuildFile; fileRef = 075A2F74193DF197002E8926 /* AudioToolbox.framework */; };
		AEDCF7AF1941084300546D00 /* eraser-32.png in Resources */ = {isa = PBXBuildFile; fileRef = AEDCF7AB1941084300546D00 /* eraser-32.png */; };
		AEDCF7B01941084300546D00 /* marker_pen-32.png in Resources */ = {isa = PBXBuildFile; fileRef = AEDCF7AC1941084300546D00 /* marker_pen-32.png */; };
		AEDCF7B11941084300546D00 /* slr_camera2-32.png in Resources */ = {isa = PBXBuildFile; fileRef = AEDCF7AD1941084300546D00 /* slr_camera2-32.png */; };
		AEDCF7B21941084300546D00 /* stack_of_photos-32.png in Resources */ = {isa = PBXBuildFile; fileRef = AEDCF7AE1941084300546D00 /* stack_of_photos-32.png */; };
/* End PBXBuildFile section */

/* Begin PBXContainerItemProxy section */
		075A2F60193D1D8C002E8926 /* PBXContainerItemProxy */ = {
			isa = PBXContainerItemProxy;
			containerPortal = 075A2F32193D1D8C002E8926 /* Project object */;
			proxyType = 1;
			remoteGlobalIDString = 075A2F39193D1D8C002E8926;
			remoteInfo = EasyLaunches;
		};
/* End PBXContainerItemProxy section */

/* Begin PBXFileReference section */
		075A2F3A193D1D8C002E8926 /* EasyLaunches.app */ = {isa = PBXFileReference; explicitFileType = wrapper.application; includeInIndex = 0; path = EasyLaunches.app; sourceTree = BUILT_PRODUCTS_DIR; };
		075A2F3D193D1D8C002E8926 /* Foundation.framework */ = {isa = PBXFileReference; lastKnownFileType = wrapper.framework; name = Foundation.framework; path = System/Library/Frameworks/Foundation.framework; sourceTree = SDKROOT; };
		075A2F3F193D1D8C002E8926 /* CoreGraphics.framework */ = {isa = PBXFileReference; lastKnownFileType = wrapper.framework; name = CoreGraphics.framework; path = System/Library/Frameworks/CoreGraphics.framework; sourceTree = SDKROOT; };
		075A2F41193D1D8C002E8926 /* UIKit.framework */ = {isa = PBXFileReference; lastKnownFileType = wrapper.framework; name = UIKit.framework; path = System/Library/Frameworks/UIKit.framework; sourceTree = SDKROOT; };
		075A2F45193D1D8C002E8926 /* EasyLaunches-Info.plist */ = {isa = PBXFileReference; lastKnownFileType = text.plist.xml; path = "EasyLaunches-Info.plist"; sourceTree = "<group>"; };
		075A2F47193D1D8C002E8926 /* en */ = {isa = PBXFileReference; lastKnownFileType = text.plist.strings; name = en; path = en.lproj/InfoPlist.strings; sourceTree = "<group>"; };
		075A2F49193D1D8C002E8926 /* main.m */ = {isa = PBXFileReference; lastKnownFileType = sourcecode.c.objc; path = main.m; sourceTree = "<group>"; };
		075A2F4B193D1D8C002E8926 /* EasyLaunches-Prefix.pch */ = {isa = PBXFileReference; lastKnownFileType = sourcecode.c.h; path = "EasyLaunches-Prefix.pch"; sourceTree = "<group>"; };
		075A2F4C193D1D8C002E8926 /* ELAppDelegate.h */ = {isa = PBXFileReference; lastKnownFileType = sourcecode.c.h; path = ELAppDelegate.h; sourceTree = "<group>"; };
		075A2F4D193D1D8C002E8926 /* ELAppDelegate.m */ = {isa = PBXFileReference; lastKnownFileType = sourcecode.c.objc; path = ELAppDelegate.m; sourceTree = "<group>"; };
		075A2F50193D1D8C002E8926 /* Base */ = {isa = PBXFileReference; lastKnownFileType = file.storyboard; name = Base; path = Base.lproj/Main.storyboard; sourceTree = "<group>"; };
		075A2F52193D1D8C002E8926 /* ELViewController.h */ = {isa = PBXFileReference; lastKnownFileType = sourcecode.c.h; path = ELViewController.h; sourceTree = "<group>"; };
		075A2F53193D1D8C002E8926 /* ELViewController.m */ = {isa = PBXFileReference; lastKnownFileType = sourcecode.c.objc; path = ELViewController.m; sourceTree = "<group>"; };
		075A2F55193D1D8C002E8926 /* Images.xcassets */ = {isa = PBXFileReference; lastKnownFileType = folder.assetcatalog; path = Images.xcassets; sourceTree = "<group>"; };
		075A2F5B193D1D8C002E8926 /* EasyLaunchesTests.xctest */ = {isa = PBXFileReference; explicitFileType = wrapper.cfbundle; includeInIndex = 0; path = EasyLaunchesTests.xctest; sourceTree = BUILT_PRODUCTS_DIR; };
		075A2F5C193D1D8C002E8926 /* XCTest.framework */ = {isa = PBXFileReference; lastKnownFileType = wrapper.framework; name = XCTest.framework; path = Library/Frameworks/XCTest.framework; sourceTree = DEVELOPER_DIR; };
		075A2F64193D1D8C002E8926 /* EasyLaunchesTests-Info.plist */ = {isa = PBXFileReference; lastKnownFileType = text.plist.xml; path = "EasyLaunchesTests-Info.plist"; sourceTree = "<group>"; };
		075A2F66193D1D8C002E8926 /* en */ = {isa = PBXFileReference; lastKnownFileType = text.plist.strings; name = en; path = en.lproj/InfoPlist.strings; sourceTree = "<group>"; };
		075A2F68193D1D8C002E8926 /* EasyLaunchesTests.m */ = {isa = PBXFileReference; lastKnownFileType = sourcecode.c.objc; path = EasyLaunchesTests.m; sourceTree = "<group>"; };
		075A2F72193D1DB6002E8926 /* opencv2.framework */ = {isa = PBXFileReference; lastKnownFileType = wrapper.framework; path = opencv2.framework; sourceTree = "<group>"; };
		075A2F74193DF197002E8926 /* AudioToolbox.framework */ = {isa = PBXFileReference; lastKnownFileType = wrapper.framework; name = AudioToolbox.framework; path = System/Library/Frameworks/AudioToolbox.framework; sourceTree = SDKROOT; };
		075A2F76193DF197002E8926 /* EasyLaunches.entitlements */ = {isa = PBXFileReference; lastKnownFileType = text.xml; path = EasyLaunches.entitlements; sourceTree = "<group>"; };
		AEDCF7AB1941084300546D00 /* eraser-32.png */ = {isa = PBXFileReference; lastKnownFileType = image.png; path = "eraser-32.png"; sourceTree = "<group>"; };
		AEDCF7AC1941084300546D00 /* marker_pen-32.png */ = {isa = PBXFileReference; lastKnownFileType = image.png; path = "marker_pen-32.png"; sourceTree = "<group>"; };
		AEDCF7AD1941084300546D00 /* slr_camera2-32.png */ = {isa = PBXFileReference; lastKnownFileType = image.png; path = "slr_camera2-32.png"; sourceTree = "<group>"; };
		AEDCF7AE1941084300546D00 /* stack_of_photos-32.png */ = {isa = PBXFileReference; lastKnownFileType = image.png; path = "stack_of_photos-32.png"; sourceTree = "<group>"; };
/* End PBXFileReference section */

/* Begin PBXFrameworksBuildPhase section */
		075A2F37193D1D8C002E8926 /* Frameworks */ = {
			isa = PBXFrameworksBuildPhase;
			buildActionMask = 2147483647;
			files = (
				075A2F73193D1DB6002E8926 /* opencv2.framework in Frameworks */,
				075A2F40193D1D8C002E8926 /* CoreGraphics.framework in Frameworks */,
				075A2F75193DF197002E8926 /* AudioToolbox.framework in Frameworks */,
				075A2F42193D1D8C002E8926 /* UIKit.framework in Frameworks */,
				075A2F3E193D1D8C002E8926 /* Foundation.framework in Frameworks */,
			);
			runOnlyForDeploymentPostprocessing = 0;
		};
		075A2F58193D1D8C002E8926 /* Frameworks */ = {
			isa = PBXFrameworksBuildPhase;
			buildActionMask = 2147483647;
			files = (
				075A2F5D193D1D8C002E8926 /* XCTest.framework in Frameworks */,
				075A2F5F193D1D8C002E8926 /* UIKit.framework in Frameworks */,
				075A2F5E193D1D8C002E8926 /* Foundation.framework in Frameworks */,
			);
			runOnlyForDeploymentPostprocessing = 0;
		};
/* End PBXFrameworksBuildPhase section */

/* Begin PBXGroup section */
		075A2F31193D1D8C002E8926 = {
			isa = PBXGroup;
			children = (
				075A2F43193D1D8C002E8926 /* EasyLaunches */,
				075A2F62193D1D8C002E8926 /* EasyLaunchesTests */,
				075A2F3C193D1D8C002E8926 /* Frameworks */,
				075A2F3B193D1D8C002E8926 /* Products */,
			);
			sourceTree = "<group>";
		};
		075A2F3B193D1D8C002E8926 /* Products */ = {
			isa = PBXGroup;
			children = (
				075A2F3A193D1D8C002E8926 /* EasyLaunches.app */,
				075A2F5B193D1D8C002E8926 /* EasyLaunchesTests.xctest */,
			);
			name = Products;
			sourceTree = "<group>";
		};
		075A2F3C193D1D8C002E8926 /* Frameworks */ = {
			isa = PBXGroup;
			children = (
				075A2F74193DF197002E8926 /* AudioToolbox.framework */,
				075A2F72193D1DB6002E8926 /* opencv2.framework */,
				075A2F3D193D1D8C002E8926 /* Foundation.framework */,
				075A2F3F193D1D8C002E8926 /* CoreGraphics.framework */,
				075A2F41193D1D8C002E8926 /* UIKit.framework */,
				075A2F5C193D1D8C002E8926 /* XCTest.framework */,
			);
			name = Frameworks;
			sourceTree = "<group>";
		};
		075A2F43193D1D8C002E8926 /* EasyLaunches */ = {
			isa = PBXGroup;
			children = (
				AEDCF7AB1941084300546D00 /* eraser-32.png */,
				AEDCF7AC1941084300546D00 /* marker_pen-32.png */,
				AEDCF7AD1941084300546D00 /* slr_camera2-32.png */,
				AEDCF7AE1941084300546D00 /* stack_of_photos-32.png */,
				075A2F76193DF197002E8926 /* EasyLaunches.entitlements */,
				075A2F4C193D1D8C002E8926 /* ELAppDelegate.h */,
				075A2F4D193D1D8C002E8926 /* ELAppDelegate.m */,
				075A2F4F193D1D8C002E8926 /* Main.storyboard */,
				075A2F52193D1D8C002E8926 /* ELViewController.h */,
				075A2F53193D1D8C002E8926 /* ELViewController.m */,
				075A2F55193D1D8C002E8926 /* Images.xcassets */,
				075A2F44193D1D8C002E8926 /* Supporting Files */,
			);
			path = EasyLaunches;
			sourceTree = "<group>";
		};
		075A2F44193D1D8C002E8926 /* Supporting Files */ = {
			isa = PBXGroup;
			children = (
				075A2F45193D1D8C002E8926 /* EasyLaunches-Info.plist */,
				075A2F46193D1D8C002E8926 /* InfoPlist.strings */,
				075A2F49193D1D8C002E8926 /* main.m */,
				075A2F4B193D1D8C002E8926 /* EasyLaunches-Prefix.pch */,
			);
			name = "Supporting Files";
			sourceTree = "<group>";
		};
		075A2F62193D1D8C002E8926 /* EasyLaunchesTests */ = {
			isa = PBXGroup;
			children = (
				075A2F68193D1D8C002E8926 /* EasyLaunchesTests.m */,
				075A2F63193D1D8C002E8926 /* Supporting Files */,
			);
			path = EasyLaunchesTests;
			sourceTree = "<group>";
		};
		075A2F63193D1D8C002E8926 /* Supporting Files */ = {
			isa = PBXGroup;
			children = (
				075A2F64193D1D8C002E8926 /* EasyLaunchesTests-Info.plist */,
				075A2F65193D1D8C002E8926 /* InfoPlist.strings */,
			);
			name = "Supporting Files";
			sourceTree = "<group>";
		};
/* End PBXGroup section */

/* Begin PBXNativeTarget section */
		075A2F39193D1D8C002E8926 /* EasyLaunches */ = {
			isa = PBXNativeTarget;
			buildConfigurationList = 075A2F6C193D1D8C002E8926 /* Build configuration list for PBXNativeTarget "EasyLaunches" */;
			buildPhases = (
				075A2F36193D1D8C002E8926 /* Sources */,
				075A2F37193D1D8C002E8926 /* Frameworks */,
				075A2F38193D1D8C002E8926 /* Resources */,
			);
			buildRules = (
			);
			dependencies = (
			);
			name = EasyLaunches;
			productName = EasyLaunches;
			productReference = 075A2F3A193D1D8C002E8926 /* EasyLaunches.app */;
			productType = "com.apple.product-type.application";
		};
		075A2F5A193D1D8C002E8926 /* EasyLaunchesTests */ = {
			isa = PBXNativeTarget;
			buildConfigurationList = 075A2F6F193D1D8C002E8926 /* Build configuration list for PBXNativeTarget "EasyLaunchesTests" */;
			buildPhases = (
				075A2F57193D1D8C002E8926 /* Sources */,
				075A2F58193D1D8C002E8926 /* Frameworks */,
				075A2F59193D1D8C002E8926 /* Resources */,
			);
			buildRules = (
			);
			dependencies = (
				075A2F61193D1D8C002E8926 /* PBXTargetDependency */,
			);
			name = EasyLaunchesTests;
			productName = EasyLaunchesTests;
			productReference = 075A2F5B193D1D8C002E8926 /* EasyLaunchesTests.xctest */;
			productType = "com.apple.product-type.bundle.unit-test";
		};
/* End PBXNativeTarget section */

/* Begin PBXProject section */
		075A2F32193D1D8C002E8926 /* Project object */ = {
			isa = PBXProject;
			attributes = {
				CLASSPREFIX = EL;
				LastUpgradeCheck = 0510;
				ORGANIZATIONNAME = EasyLaunches;
				TargetAttributes = {
					075A2F39193D1D8C002E8926 = {
						DevelopmentTeam = A9GRUT7L2F;
					};
					075A2F5A193D1D8C002E8926 = {
						TestTargetID = 075A2F39193D1D8C002E8926;
					};
				};
			};
			buildConfigurationList = 075A2F35193D1D8C002E8926 /* Build configuration list for PBXProject "EasyLaunches" */;
			compatibilityVersion = "Xcode 3.2";
			developmentRegion = English;
			hasScannedForEncodings = 0;
			knownRegions = (
				en,
				Base,
			);
			mainGroup = 075A2F31193D1D8C002E8926;
			productRefGroup = 075A2F3B193D1D8C002E8926 /* Products */;
			projectDirPath = "";
			projectRoot = "";
			targets = (
				075A2F39193D1D8C002E8926 /* EasyLaunches */,
				075A2F5A193D1D8C002E8926 /* EasyLaunchesTests */,
			);
		};
/* End PBXProject section */

/* Begin PBXResourcesBuildPhase section */
		075A2F38193D1D8C002E8926 /* Resources */ = {
			isa = PBXResourcesBuildPhase;
			buildActionMask = 2147483647;
			files = (
				AEDCF7B11941084300546D00 /* slr_camera2-32.png in Resources */,
				075A2F56193D1D8C002E8926 /* Images.xcassets in Resources */,
				AEDCF7B01941084300546D00 /* marker_pen-32.png in Resources */,
				AEDCF7AF1941084300546D00 /* eraser-32.png in Resources */,
				AEDCF7B21941084300546D00 /* stack_of_photos-32.png in Resources */,
				075A2F48193D1D8C002E8926 /* InfoPlist.strings in Resources */,
				075A2F51193D1D8C002E8926 /* Main.storyboard in Resources */,
			);
			runOnlyForDeploymentPostprocessing = 0;
		};
		075A2F59193D1D8C002E8926 /* Resources */ = {
			isa = PBXResourcesBuildPhase;
			buildActionMask = 2147483647;
			files = (
				075A2F67193D1D8C002E8926 /* InfoPlist.strings in Resources */,
			);
			runOnlyForDeploymentPostprocessing = 0;
		};
/* End PBXResourcesBuildPhase section */

/* Begin PBXSourcesBuildPhase section */
		075A2F36193D1D8C002E8926 /* Sources */ = {
			isa = PBXSourcesBuildPhase;
			buildActionMask = 2147483647;
			files = (
				075A2F54193D1D8C002E8926 /* ELViewController.m in Sources */,
				075A2F4A193D1D8C002E8926 /* main.m in Sources */,
				075A2F4E193D1D8C002E8926 /* ELAppDelegate.m in Sources */,
			);
			runOnlyForDeploymentPostprocessing = 0;
		};
		075A2F57193D1D8C002E8926 /* Sources */ = {
			isa = PBXSourcesBuildPhase;
			buildActionMask = 2147483647;
			files = (
				075A2F69193D1D8C002E8926 /* EasyLaunchesTests.m in Sources */,
			);
			runOnlyForDeploymentPostprocessing = 0;
		};
/* End PBXSourcesBuildPhase section */

/* Begin PBXTargetDependency section */
		075A2F61193D1D8C002E8926 /* PBXTargetDependency */ = {
			isa = PBXTargetDependency;
			target = 075A2F39193D1D8C002E8926 /* EasyLaunches */;
			targetProxy = 075A2F60193D1D8C002E8926 /* PBXContainerItemProxy */;
		};
/* End PBXTargetDependency section */

/* Begin PBXVariantGroup section */
		075A2F46193D1D8C002E8926 /* InfoPlist.strings */ = {
			isa = PBXVariantGroup;
			children = (
				075A2F47193D1D8C002E8926 /* en */,
			);
			name = InfoPlist.strings;
			sourceTree = "<group>";
		};
		075A2F4F193D1D8C002E8926 /* Main.storyboard */ = {
			isa = PBXVariantGroup;
			children = (
				075A2F50193D1D8C002E8926 /* Base */,
			);
			name = Main.storyboard;
			sourceTree = "<group>";
		};
		075A2F65193D1D8C002E8926 /* InfoPlist.strings */ = {
			isa = PBXVariantGroup;
			children = (
				075A2F66193D1D8C002E8926 /* en */,
			);
			name = InfoPlist.strings;
			sourceTree = "<group>";
		};
/* End PBXVariantGroup section */

/* Begin XCBuildConfiguration section */
		075A2F6A193D1D8C002E8926 /* Debug */ = {
			isa = XCBuildConfiguration;
			buildSettings = {
				ALWAYS_SEARCH_USER_PATHS = NO;
				CLANG_CXX_LANGUAGE_STANDARD = "gnu++0x";
				CLANG_CXX_LIBRARY = "libc++";
				CLANG_ENABLE_MODULES = YES;
				CLANG_ENABLE_OBJC_ARC = YES;
				CLANG_WARN_BOOL_CONVERSION = YES;
				CLANG_WARN_CONSTANT_CONVERSION = YES;
				CLANG_WARN_DIRECT_OBJC_ISA_USAGE = YES_ERROR;
				CLANG_WARN_EMPTY_BODY = YES;
				CLANG_WARN_ENUM_CONVERSION = YES;
				CLANG_WARN_INT_CONVERSION = YES;
				CLANG_WARN_OBJC_ROOT_CLASS = YES_ERROR;
				CLANG_WARN__DUPLICATE_METHOD_MATCH = YES;
				"CODE_SIGN_IDENTITY[sdk=iphoneos*]" = "iPhone Developer";
				COPY_PHASE_STRIP = NO;
				GCC_C_LANGUAGE_STANDARD = gnu99;
				GCC_DYNAMIC_NO_PIC = NO;
				GCC_OPTIMIZATION_LEVEL = 0;
				GCC_PREPROCESSOR_DEFINITIONS = (
					"DEBUG=1",
					"$(inherited)",
				);
				GCC_SYMBOLS_PRIVATE_EXTERN = NO;
				GCC_WARN_64_TO_32_BIT_CONVERSION = YES;
				GCC_WARN_ABOUT_RETURN_TYPE = YES_ERROR;
				GCC_WARN_UNDECLARED_SELECTOR = YES;
				GCC_WARN_UNINITIALIZED_AUTOS = YES_AGGRESSIVE;
				GCC_WARN_UNUSED_FUNCTION = YES;
				GCC_WARN_UNUSED_VARIABLE = YES;
				IPHONEOS_DEPLOYMENT_TARGET = 7.1;
				ONLY_ACTIVE_ARCH = YES;
				SDKROOT = iphoneos;
			};
			name = Debug;
		};
		075A2F6B193D1D8C002E8926 /* Release */ = {
			isa = XCBuildConfiguration;
			buildSettings = {
				ALWAYS_SEARCH_USER_PATHS = NO;
				CLANG_CXX_LANGUAGE_STANDARD = "gnu++0x";
				CLANG_CXX_LIBRARY = "libc++";
				CLANG_ENABLE_MODULES = YES;
				CLANG_ENABLE_OBJC_ARC = YES;
				CLANG_WARN_BOOL_CONVERSION = YES;
				CLANG_WARN_CONSTANT_CONVERSION = YES;
				CLANG_WARN_DIRECT_OBJC_ISA_USAGE = YES_ERROR;
				CLANG_WARN_EMPTY_BODY = YES;
				CLANG_WARN_ENUM_CONVERSION = YES;
				CLANG_WARN_INT_CONVERSION = YES;
				CLANG_WARN_OBJC_ROOT_CLASS = YES_ERROR;
				CLANG_WARN__DUPLICATE_METHOD_MATCH = YES;
				"CODE_SIGN_IDENTITY[sdk=iphoneos*]" = "iPhone Developer";
				COPY_PHASE_STRIP = YES;
				ENABLE_NS_ASSERTIONS = NO;
				GCC_C_LANGUAGE_STANDARD = gnu99;
				GCC_WARN_64_TO_32_BIT_CONVERSION = YES;
				GCC_WARN_ABOUT_RETURN_TYPE = YES_ERROR;
				GCC_WARN_UNDECLARED_SELECTOR = YES;
				GCC_WARN_UNINITIALIZED_AUTOS = YES_AGGRESSIVE;
				GCC_WARN_UNUSED_FUNCTION = YES;
				GCC_WARN_UNUSED_VARIABLE = YES;
				IPHONEOS_DEPLOYMENT_TARGET = 7.1;
				SDKROOT = iphoneos;
				VALIDATE_PRODUCT = YES;
			};
			name = Release;
		};
		075A2F6D193D1D8C002E8926 /* Debug */ = {
			isa = XCBuildConfiguration;
			buildSettings = {
				ASSETCATALOG_COMPILER_APPICON_NAME = AppIcon;
				ASSETCATALOG_COMPILER_LAUNCHIMAGE_NAME = LaunchImage;
				CODE_SIGN_ENTITLEMENTS = EasyLaunches/EasyLaunches.entitlements;
				CODE_SIGN_IDENTITY = "iPhone Developer";
				FRAMEWORK_SEARCH_PATHS = (
					"$(inherited)",
					"$(PROJECT_DIR)",
				);
				GCC_PRECOMPILE_PREFIX_HEADER = YES;
				GCC_PREFIX_HEADER = "EasyLaunches/EasyLaunches-Prefix.pch";
				INFOPLIST_FILE = "EasyLaunches/EasyLaunches-Info.plist";
				PRODUCT_NAME = "$(TARGET_NAME)";
				WRAPPER_EXTENSION = app;
			};
			name = Debug;
		};
		075A2F6E193D1D8C002E8926 /* Release */ = {
			isa = XCBuildConfiguration;
			buildSettings = {
				ASSETCATALOG_COMPILER_APPICON_NAME = AppIcon;
				ASSETCATALOG_COMPILER_LAUNCHIMAGE_NAME = LaunchImage;
				CODE_SIGN_ENTITLEMENTS = EasyLaunches/EasyLaunches.entitlements;
				CODE_SIGN_IDENTITY = "iPhone Developer";
				FRAMEWORK_SEARCH_PATHS = (
					"$(inherited)",
					"$(PROJECT_DIR)",
				);
				GCC_PRECOMPILE_PREFIX_HEADER = YES;
				GCC_PREFIX_HEADER = "EasyLaunches/EasyLaunches-Prefix.pch";
				INFOPLIST_FILE = "EasyLaunches/EasyLaunches-Info.plist";
				PRODUCT_NAME = "$(TARGET_NAME)";
				WRAPPER_EXTENSION = app;
			};
			name = Release;
		};
		075A2F70193D1D8C002E8926 /* Debug */ = {
			isa = XCBuildConfiguration;
			buildSettings = {
				BUNDLE_LOADER = "$(BUILT_PRODUCTS_DIR)/EasyLaunches.app/EasyLaunches";
				FRAMEWORK_SEARCH_PATHS = (
					"$(SDKROOT)/Developer/Library/Frameworks",
					"$(inherited)",
					"$(DEVELOPER_FRAMEWORKS_DIR)",
				);
				GCC_PRECOMPILE_PREFIX_HEADER = YES;
				GCC_PREFIX_HEADER = "EasyLaunches/EasyLaunches-Prefix.pch";
				GCC_PREPROCESSOR_DEFINITIONS = (
					"DEBUG=1",
					"$(inherited)",
				);
				INFOPLIST_FILE = "EasyLaunchesTests/EasyLaunchesTests-Info.plist";
				PRODUCT_NAME = "$(TARGET_NAME)";
				TEST_HOST = "$(BUNDLE_LOADER)";
				WRAPPER_EXTENSION = xctest;
			};
			name = Debug;
		};
		075A2F71193D1D8C002E8926 /* Release */ = {
			isa = XCBuildConfiguration;
			buildSettings = {
				BUNDLE_LOADER = "$(BUILT_PRODUCTS_DIR)/EasyLaunches.app/EasyLaunches";
				FRAMEWORK_SEARCH_PATHS = (
					"$(SDKROOT)/Developer/Library/Frameworks",
					"$(inherited)",
					"$(DEVELOPER_FRAMEWORKS_DIR)",
				);
				GCC_PRECOMPILE_PREFIX_HEADER = YES;
				GCC_PREFIX_HEADER = "EasyLaunches/EasyLaunches-Prefix.pch";
				INFOPLIST_FILE = "EasyLaunchesTests/EasyLaunchesTests-Info.plist";
				PRODUCT_NAME = "$(TARGET_NAME)";
				TEST_HOST = "$(BUNDLE_LOADER)";
				WRAPPER_EXTENSION = xctest;
			};
			name = Release;
		};
/* End XCBuildConfiguration section */

/* Begin XCConfigurationList section */
		075A2F35193D1D8C002E8926 /* Build configuration list for PBXProject "EasyLaunches" */ = {
			isa = XCConfigurationList;
			buildConfigurations = (
				075A2F6A193D1D8C002E8926 /* Debug */,
				075A2F6B193D1D8C002E8926 /* Release */,
			);
			defaultConfigurationIsVisible = 0;
			defaultConfigurationName = Release;
		};
		075A2F6C193D1D8C002E8926 /* Build configuration list for PBXNativeTarget "EasyLaunches" */ = {
			isa = XCConfigurationList;
			buildConfigurations = (
				075A2F6D193D1D8C002E8926 /* Debug */,
				075A2F6E193D1D8C002E8926 /* Release */,
			);
			defaultConfigurationIsVisible = 0;
			defaultConfigurationName = Release;
		};
		075A2F6F193D1D8C002E8926 /* Build configuration list for PBXNativeTarget "EasyLaunchesTests" */ = {
			isa = XCConfigurationList;
			buildConfigurations = (
				075A2F70193D1D8C002E8926 /* Debug */,
				075A2F71193D1D8C002E8926 /* Release */,
			);
			defaultConfigurationIsVisible = 0;
			defaultConfigurationName = Release;
		};
/* End XCConfigurationList section */
	};
	rootObject = 075A2F32193D1D8C002E8926 /* Project object */;
}
