// !$*UTF8*$!
{
	archiveVersion = 1;
	classes = {
	};
	objectVersion = 46;
	objects = {

/* Begin PBXBuildFile section */
		075A2F3E193D1D8C002E8926 /* Foundation.framework in Frameworks */ = {isa = PBXBuildFile; fileRef = 075A2F3D193D1D8C002E8926 /* Foundation.framework */; };
		075A2F40193D1D8C002E8926 /* CoreGraphics.framework in Frameworks */ = {isa = PBXBuildFile; fileRef = 075A2F3F193D1D8C002E8926 /* CoreGraphics.framework */; };
		075A2F42193D1D8C002E8926 /* UIKit.framework in Frameworks */ = {isa = PBXBuildFile; fileRef = 075A2F41193D1D8C002E8926 /* UIKit.framework */; };
		075A2F48193D1D8C002E8926 /* InfoPlist.strings in Resources */ = {isa = PBXBuildFile; fileRef = 075A2F46193D1D8C002E8926 /* InfoPlist.strings */; };
		075A2F4A193D1D8C002E8926 /* main.m in Sources */ = {isa = PBXBuildFile; fileRef = 075A2F49193D1D8C002E8926 /* main.m */; };
		075A2F4E193D1D8C002E8926 /* ELAppDelegate.m in Sources */ = {isa = PBXBuildFile; fileRef = 075A2F4D193D1D8C002E8926 /* ELAppDelegate.m */; };
		075A2F51193D1D8C002E8926 /* Main.storyboard in Resources */ = {isa = PBXBuildFile; fileRef = 075A2F4F193D1D8C002E8926 /* Main.storyboard */; };
		075A2F54193D1D8C002E8926 /* ELViewController.mm in Sources */ = {isa = PBXBuildFile; fileRef = 075A2F53193D1D8C002E8926 /* ELViewController.mm */; };
		075A2F56193D1D8C002E8926 /* Images.xcassets in Resources */ = {isa = PBXBuildFile; fileRef = 075A2F55193D1D8C002E8926 /* Images.xcassets */; };
		075A2F5D193D1D8C002E8926 /* XCTest.framework in Frameworks */ = {isa = PBXBuildFile; fileRef = 075A2F5C193D1D8C002E8926 /* XCTest.framework */; };
		075A2F5E193D1D8C002E8926 /* Foundation.framework in Frameworks */ = {isa = PBXBuildFile; fileRef = 075A2F3D193D1D8C002E8926 /* Foundation.framework */; };
		075A2F5F193D1D8C002E8926 /* UIKit.framework in Frameworks */ = {isa = PBXBuildFile; fileRef = 075A2F41193D1D8C002E8926 /* UIKit.framework */; };
		075A2F67193D1D8C002E8926 /* InfoPlist.strings in Resources */ = {isa = PBXBuildFile; fileRef = 075A2F65193D1D8C002E8926 /* InfoPlist.strings */; };
		075A2F69193D1D8C002E8926 /* EasyLaunchesTests.m in Sources */ = {isa = PBXBuildFile; fileRef = 075A2F68193D1D8C002E8926 /* EasyLaunchesTests.m */; };
		075A2F73193D1DB6002E8926 /* opencv2.framework in Frameworks */ = {isa = PBXBuildFile; fileRef = 075A2F72193D1DB6002E8926 /* opencv2.framework */; };
		075A2F75193DF197002E8926 /* AudioToolbox.framework in Frameworks */ = {isa = PBXBuildFile; fileRef = 075A2F74193DF197002E8926 /* AudioToolbox.framework */; };
		07EC69BD1954D36100060743 /* ELTransaction.m in Sources */ = {isa = PBXBuildFile; fileRef = 07EC69BC1954D36100060743 /* ELTransaction.m */; };
		07EC69C01954F00B00060743 /* ELWSConnector.m in Sources */ = {isa = PBXBuildFile; fileRef = 07EC69BF1954F00B00060743 /* ELWSConnector.m */; };
		07EC69CA1955E0E400060743 /* ELSendToCloudViewController.m in Sources */ = {isa = PBXBuildFile; fileRef = 07EC69C91955E0E400060743 /* ELSendToCloudViewController.m */; };
		07EC69CB1955E0E400060743 /* ELSendToCloudViewController.m in Sources */ = {isa = PBXBuildFile; fileRef = 07EC69C91955E0E400060743 /* ELSendToCloudViewController.m */; };
		AE39D768195DF3590042BE9D /* eraser-32.png in Resources */ = {isa = PBXBuildFile; fileRef = AE39D760195DF3590042BE9D /* eraser-32.png */; };
		AE39D769195DF3590042BE9D /* marker_pen-32.png in Resources */ = {isa = PBXBuildFile; fileRef = AE39D761195DF3590042BE9D /* marker_pen-32.png */; };
		AE39D76A195DF3590042BE9D /* no-photo.jpeg in Resources */ = {isa = PBXBuildFile; fileRef = AE39D762195DF3590042BE9D /* no-photo.jpeg */; };
		AE39D76B195DF3590042BE9D /* sent-32.png in Resources */ = {isa = PBXBuildFile; fileRef = AE39D763195DF3590042BE9D /* sent-32.png */; };
		AE39D76C195DF3590042BE9D /* settings-32.png in Resources */ = {isa = PBXBuildFile; fileRef = AE39D764195DF3590042BE9D /* settings-32.png */; };
		AE39D76D195DF3590042BE9D /* slr_camera2-32.png in Resources */ = {isa = PBXBuildFile; fileRef = AE39D765195DF3590042BE9D /* slr_camera2-32.png */; };
		AE39D76E195DF3590042BE9D /* stack_of_photos-32.png in Resources */ = {isa = PBXBuildFile; fileRef = AE39D766195DF3590042BE9D /* stack_of_photos-32.png */; };
		AE39D76F195DF3590042BE9D /* upload_to_cloud_filled-32.png in Resources */ = {isa = PBXBuildFile; fileRef = AE39D767195DF3590042BE9D /* upload_to_cloud_filled-32.png */; };
		AEAC9479195DC0300077458A /* startEL 2b.png in Resources */ = {isa = PBXBuildFile; fileRef = AEAC9474195DC0300077458A /* startEL 2b.png */; };
		AEAC947A195DC0300077458A /* startEL copy.png in Resources */ = {isa = PBXBuildFile; fileRef = AEAC9475195DC0300077458A /* startEL copy.png */; };
		AEDCF7CC194B8A6500546D00 /* Accelerate.framework in Frameworks */ = {isa = PBXBuildFile; fileRef = AEDCF7CB194B8A6500546D00 /* Accelerate.framework */; };
		AEDCF7CE194B8A6C00546D00 /* AssetsLibrary.framework in Frameworks */ = {isa = PBXBuildFile; fileRef = AEDCF7CD194B8A6C00546D00 /* AssetsLibrary.framework */; };
		AEDCF7D0194B8A7600546D00 /* AVFoundation.framework in Frameworks */ = {isa = PBXBuildFile; fileRef = AEDCF7CF194B8A7600546D00 /* AVFoundation.framework */; };
		AEDCF7D2194B8A8D00546D00 /* CoreImage.framework in Frameworks */ = {isa = PBXBuildFile; fileRef = AEDCF7D1194B8A8D00546D00 /* CoreImage.framework */; };
		AEDCF7D6194B8AAE00546D00 /* CoreMedia.framework in Frameworks */ = {isa = PBXBuildFile; fileRef = AEDCF7D3194B8AAE00546D00 /* CoreMedia.framework */; };
		AEDCF7D7194B8AAE00546D00 /* CoreVideo.framework in Frameworks */ = {isa = PBXBuildFile; fileRef = AEDCF7D4194B8AAE00546D00 /* CoreVideo.framework */; };
		AEDCF7D8194B8AAE00546D00 /* QuartzCore.framework in Frameworks */ = {isa = PBXBuildFile; fileRef = AEDCF7D5194B8AAE00546D00 /* QuartzCore.framework */; };
		AEDCF7DB194B90D700546D00 /* ELImageProcessing.mm in Sources */ = {isa = PBXBuildFile; fileRef = AEDCF7DA194B90D700546D00 /* ELImageProcessing.mm */; };
		AEDCF8001954993C00546D00 /* IASKAppSettingsViewController.m in Sources */ = {isa = PBXBuildFile; fileRef = AEDCF7E21954993C00546D00 /* IASKAppSettingsViewController.m */; };
		AEDCF8011954993C00546D00 /* IASKAppSettingsWebViewController.m in Sources */ = {isa = PBXBuildFile; fileRef = AEDCF7E41954993C00546D00 /* IASKAppSettingsWebViewController.m */; };
		AEDCF8021954993C00546D00 /* IASKSpecifierValuesViewController.m in Sources */ = {isa = PBXBuildFile; fileRef = AEDCF7E61954993C00546D00 /* IASKSpecifierValuesViewController.m */; };
		AEDCF8031954993C00546D00 /* IASKSettingsReader.m in Sources */ = {isa = PBXBuildFile; fileRef = AEDCF7EA1954993C00546D00 /* IASKSettingsReader.m */; };
		AEDCF8041954993C00546D00 /* IASKSettingsStore.m in Sources */ = {isa = PBXBuildFile; fileRef = AEDCF7EC1954993C00546D00 /* IASKSettingsStore.m */; };
		AEDCF8051954993C00546D00 /* IASKSettingsStoreFile.m in Sources */ = {isa = PBXBuildFile; fileRef = AEDCF7EE1954993C00546D00 /* IASKSettingsStoreFile.m */; };
		AEDCF8061954993C00546D00 /* IASKSettingsStoreUserDefaults.m in Sources */ = {isa = PBXBuildFile; fileRef = AEDCF7F01954993C00546D00 /* IASKSettingsStoreUserDefaults.m */; };
		AEDCF8071954993C00546D00 /* IASKSpecifier.m in Sources */ = {isa = PBXBuildFile; fileRef = AEDCF7F21954993C00546D00 /* IASKSpecifier.m */; };
		AEDCF8081954993C00546D00 /* IASKPSSliderSpecifierViewCell.m in Sources */ = {isa = PBXBuildFile; fileRef = AEDCF7F51954993C00546D00 /* IASKPSSliderSpecifierViewCell.m */; };
		AEDCF8091954993C00546D00 /* IASKPSTextFieldSpecifierViewCell.m in Sources */ = {isa = PBXBuildFile; fileRef = AEDCF7F71954993C00546D00 /* IASKPSTextFieldSpecifierViewCell.m */; };
		AEDCF80A1954993C00546D00 /* IASKPSTitleValueSpecifierViewCell.m in Sources */ = {isa = PBXBuildFile; fileRef = AEDCF7F91954993C00546D00 /* IASKPSTitleValueSpecifierViewCell.m */; };
		AEDCF80B1954993C00546D00 /* IASKSlider.m in Sources */ = {isa = PBXBuildFile; fileRef = AEDCF7FB1954993C00546D00 /* IASKSlider.m */; };
		AEDCF80C1954993C00546D00 /* IASKSwitch.m in Sources */ = {isa = PBXBuildFile; fileRef = AEDCF7FD1954993C00546D00 /* IASKSwitch.m */; };
		AEDCF80D1954993C00546D00 /* IASKTextField.m in Sources */ = {isa = PBXBuildFile; fileRef = AEDCF7FF1954993C00546D00 /* IASKTextField.m */; };
		AEDCF80F1954997900546D00 /* Settings.bundle in Resources */ = {isa = PBXBuildFile; fileRef = AEDCF80E1954997900546D00 /* Settings.bundle */; };
/* End PBXBuildFile section */

/* Begin PBXContainerItemProxy section */
		075A2F60193D1D8C002E8926 /* PBXContainerItemProxy */ = {
			isa = PBXContainerItemProxy;
			containerPortal = 075A2F32193D1D8C002E8926 /* Project object */;
			proxyType = 1;
			remoteGlobalIDString = 075A2F39193D1D8C002E8926;
			remoteInfo = EasyLaunches;
		};
/* End PBXContainerItemProxy section */

/* Begin PBXFileReference section */
		075A2F3A193D1D8C002E8926 /* EasyLaunches.app */ = {isa = PBXFileReference; explicitFileType = wrapper.application; includeInIndex = 0; path = EasyLaunches.app; sourceTree = BUILT_PRODUCTS_DIR; };
		075A2F3D193D1D8C002E8926 /* Foundation.framework */ = {isa = PBXFileReference; lastKnownFileType = wrapper.framework; name = Foundation.framework; path = System/Library/Frameworks/Foundation.framework; sourceTree = SDKROOT; };
		075A2F3F193D1D8C002E8926 /* CoreGraphics.framework */ = {isa = PBXFileReference; lastKnownFileType = wrapper.framework; name = CoreGraphics.framework; path = System/Library/Frameworks/CoreGraphics.framework; sourceTree = SDKROOT; };
		075A2F41193D1D8C002E8926 /* UIKit.framework */ = {isa = PBXFileReference; lastKnownFileType = wrapper.framework; name = UIKit.framework; path = System/Library/Frameworks/UIKit.framework; sourceTree = SDKROOT; };
		075A2F45193D1D8C002E8926 /* EasyLaunches-Info.plist */ = {isa = PBXFileReference; lastKnownFileType = text.plist.xml; path = "EasyLaunches-Info.plist"; sourceTree = "<group>"; };
		075A2F47193D1D8C002E8926 /* en */ = {isa = PBXFileReference; lastKnownFileType = text.plist.strings; name = en; path = en.lproj/InfoPlist.strings; sourceTree = "<group>"; };
		075A2F49193D1D8C002E8926 /* main.m */ = {isa = PBXFileReference; lastKnownFileType = sourcecode.c.objc; path = main.m; sourceTree = "<group>"; };
		075A2F4B193D1D8C002E8926 /* EasyLaunches-Prefix.pch */ = {isa = PBXFileReference; lastKnownFileType = sourcecode.c.h; path = "EasyLaunches-Prefix.pch"; sourceTree = "<group>"; };
		075A2F4C193D1D8C002E8926 /* ELAppDelegate.h */ = {isa = PBXFileReference; lastKnownFileType = sourcecode.c.h; path = ELAppDelegate.h; sourceTree = "<group>"; };
		075A2F4D193D1D8C002E8926 /* ELAppDelegate.m */ = {isa = PBXFileReference; lastKnownFileType = sourcecode.c.objc; path = ELAppDelegate.m; sourceTree = "<group>"; };
		075A2F50193D1D8C002E8926 /* Base */ = {isa = PBXFileReference; lastKnownFileType = file.storyboard; name = Base; path = Base.lproj/Main.storyboard; sourceTree = "<group>"; };
		075A2F52193D1D8C002E8926 /* ELViewController.h */ = {isa = PBXFileReference; lastKnownFileType = sourcecode.c.h; path = ELViewController.h; sourceTree = "<group>"; };
		075A2F53193D1D8C002E8926 /* ELViewController.mm */ = {isa = PBXFileReference; lastKnownFileType = sourcecode.cpp.objcpp; path = ELViewController.mm; sourceTree = "<group>"; };
		075A2F55193D1D8C002E8926 /* Images.xcassets */ = {isa = PBXFileReference; lastKnownFileType = folder.assetcatalog; path = Images.xcassets; sourceTree = "<group>"; };
		075A2F5B193D1D8C002E8926 /* EasyLaunchesTests.xctest */ = {isa = PBXFileReference; explicitFileType = wrapper.cfbundle; includeInIndex = 0; path = EasyLaunchesTests.xctest; sourceTree = BUILT_PRODUCTS_DIR; };
		075A2F5C193D1D8C002E8926 /* XCTest.framework */ = {isa = PBXFileReference; lastKnownFileType = wrapper.framework; name = XCTest.framework; path = Library/Frameworks/XCTest.framework; sourceTree = DEVELOPER_DIR; };
		075A2F64193D1D8C002E8926 /* EasyLaunchesTests-Info.plist */ = {isa = PBXFileReference; lastKnownFileType = text.plist.xml; path = "EasyLaunchesTests-Info.plist"; sourceTree = "<group>"; };
		075A2F66193D1D8C002E8926 /* en */ = {isa = PBXFileReference; lastKnownFileType = text.plist.strings; name = en; path = en.lproj/InfoPlist.strings; sourceTree = "<group>"; };
		075A2F68193D1D8C002E8926 /* EasyLaunchesTests.m */ = {isa = PBXFileReference; lastKnownFileType = sourcecode.c.objc; path = EasyLaunchesTests.m; sourceTree = "<group>"; };
		075A2F72193D1DB6002E8926 /* opencv2.framework */ = {isa = PBXFileReference; lastKnownFileType = wrapper.framework; path = opencv2.framework; sourceTree = "<group>"; };
		075A2F74193DF197002E8926 /* AudioToolbox.framework */ = {isa = PBXFileReference; lastKnownFileType = wrapper.framework; name = AudioToolbox.framework; path = System/Library/Frameworks/AudioToolbox.framework; sourceTree = SDKROOT; };
		075A2F76193DF197002E8926 /* EasyLaunches.entitlements */ = {isa = PBXFileReference; lastKnownFileType = text.xml; path = EasyLaunches.entitlements; sourceTree = "<group>"; };
		07EC69BB1954D36100060743 /* ELTransaction.h */ = {isa = PBXFileReference; fileEncoding = 4; lastKnownFileType = sourcecode.c.h; path = ELTransaction.h; sourceTree = "<group>"; };
		07EC69BC1954D36100060743 /* ELTransaction.m */ = {isa = PBXFileReference; fileEncoding = 4; lastKnownFileType = sourcecode.c.objc; path = ELTransaction.m; sourceTree = "<group>"; };
		07EC69BE1954F00B00060743 /* ELWSConnector.h */ = {isa = PBXFileReference; fileEncoding = 4; lastKnownFileType = sourcecode.c.h; path = ELWSConnector.h; sourceTree = "<group>"; };
		07EC69BF1954F00B00060743 /* ELWSConnector.m */ = {isa = PBXFileReference; fileEncoding = 4; lastKnownFileType = sourcecode.c.objc; path = ELWSConnector.m; sourceTree = "<group>"; };
		07EC69C81955E0E400060743 /* ELSendToCloudViewController.h */ = {isa = PBXFileReference; fileEncoding = 4; lastKnownFileType = sourcecode.c.h; path = ELSendToCloudViewController.h; sourceTree = "<group>"; };
		07EC69C91955E0E400060743 /* ELSendToCloudViewController.m */ = {isa = PBXFileReference; fileEncoding = 4; lastKnownFileType = sourcecode.c.objc; path = ELSendToCloudViewController.m; sourceTree = "<group>"; };
		AE39D760195DF3590042BE9D /* eraser-32.png */ = {isa = PBXFileReference; lastKnownFileType = image.png; path = "eraser-32.png"; sourceTree = "<group>"; };
		AE39D761195DF3590042BE9D /* marker_pen-32.png */ = {isa = PBXFileReference; lastKnownFileType = image.png; path = "marker_pen-32.png"; sourceTree = "<group>"; };
		AE39D762195DF3590042BE9D /* no-photo.jpeg */ = {isa = PBXFileReference; lastKnownFileType = image.jpeg; path = "no-photo.jpeg"; sourceTree = "<group>"; };
		AE39D763195DF3590042BE9D /* sent-32.png */ = {isa = PBXFileReference; lastKnownFileType = image.png; path = "sent-32.png"; sourceTree = "<group>"; };
		AE39D764195DF3590042BE9D /* settings-32.png */ = {isa = PBXFileReference; lastKnownFileType = image.png; path = "settings-32.png"; sourceTree = "<group>"; };
		AE39D765195DF3590042BE9D /* slr_camera2-32.png */ = {isa = PBXFileReference; lastKnownFileType = image.png; path = "slr_camera2-32.png"; sourceTree = "<group>"; };
		AE39D766195DF3590042BE9D /* stack_of_photos-32.png */ = {isa = PBXFileReference; lastKnownFileType = image.png; path = "stack_of_photos-32.png"; sourceTree = "<group>"; };
		AE39D767195DF3590042BE9D /* upload_to_cloud_filled-32.png */ = {isa = PBXFileReference; lastKnownFileType = image.png; path = "upload_to_cloud_filled-32.png"; sourceTree = "<group>"; };
		AEAC9474195DC0300077458A /* startEL 2b.png */ = {isa = PBXFileReference; lastKnownFileType = image.png; name = "startEL 2b.png"; path = "Images.xcassets/startEL 2b.png"; sourceTree = "<group>"; };
		AEAC9475195DC0300077458A /* startEL copy.png */ = {isa = PBXFileReference; lastKnownFileType = image.png; name = "startEL copy.png"; path = "Images.xcassets/startEL copy.png"; sourceTree = "<group>"; };
		AEDCF7CB194B8A6500546D00 /* Accelerate.framework */ = {isa = PBXFileReference; lastKnownFileType = wrapper.framework; name = Accelerate.framework; path = System/Library/Frameworks/Accelerate.framework; sourceTree = SDKROOT; };
		AEDCF7CD194B8A6C00546D00 /* AssetsLibrary.framework */ = {isa = PBXFileReference; lastKnownFileType = wrapper.framework; name = AssetsLibrary.framework; path = System/Library/Frameworks/AssetsLibrary.framework; sourceTree = SDKROOT; };
		AEDCF7CF194B8A7600546D00 /* AVFoundation.framework */ = {isa = PBXFileReference; lastKnownFileType = wrapper.framework; name = AVFoundation.framework; path = System/Library/Frameworks/AVFoundation.framework; sourceTree = SDKROOT; };
		AEDCF7D1194B8A8D00546D00 /* CoreImage.framework */ = {isa = PBXFileReference; lastKnownFileType = wrapper.framework; name = CoreImage.framework; path = System/Library/Frameworks/CoreImage.framework; sourceTree = SDKROOT; };
		AEDCF7D3194B8AAE00546D00 /* CoreMedia.framework */ = {isa = PBXFileReference; lastKnownFileType = wrapper.framework; name = CoreMedia.framework; path = System/Library/Frameworks/CoreMedia.framework; sourceTree = SDKROOT; };
		AEDCF7D4194B8AAE00546D00 /* CoreVideo.framework */ = {isa = PBXFileReference; lastKnownFileType = wrapper.framework; name = CoreVideo.framework; path = System/Library/Frameworks/CoreVideo.framework; sourceTree = SDKROOT; };
		AEDCF7D5194B8AAE00546D00 /* QuartzCore.framework */ = {isa = PBXFileReference; lastKnownFileType = wrapper.framework; name = QuartzCore.framework; path = System/Library/Frameworks/QuartzCore.framework; sourceTree = SDKROOT; };
		AEDCF7D9194B90D700546D00 /* ELImageProcessing.h */ = {isa = PBXFileReference; fileEncoding = 4; lastKnownFileType = sourcecode.c.h; path = ELImageProcessing.h; sourceTree = "<group>"; };
		AEDCF7DA194B90D700546D00 /* ELImageProcessing.mm */ = {isa = PBXFileReference; fileEncoding = 4; lastKnownFileType = sourcecode.cpp.objcpp; path = ELImageProcessing.mm; sourceTree = "<group>"; };
		AEDCF7E11954993C00546D00 /* IASKAppSettingsViewController.h */ = {isa = PBXFileReference; fileEncoding = 4; lastKnownFileType = sourcecode.c.h; path = IASKAppSettingsViewController.h; sourceTree = "<group>"; };
		AEDCF7E21954993C00546D00 /* IASKAppSettingsViewController.m */ = {isa = PBXFileReference; fileEncoding = 4; lastKnownFileType = sourcecode.c.objc; path = IASKAppSettingsViewController.m; sourceTree = "<group>"; };
		AEDCF7E31954993C00546D00 /* IASKAppSettingsWebViewController.h */ = {isa = PBXFileReference; fileEncoding = 4; lastKnownFileType = sourcecode.c.h; path = IASKAppSettingsWebViewController.h; sourceTree = "<group>"; };
		AEDCF7E41954993C00546D00 /* IASKAppSettingsWebViewController.m */ = {isa = PBXFileReference; fileEncoding = 4; lastKnownFileType = sourcecode.c.objc; path = IASKAppSettingsWebViewController.m; sourceTree = "<group>"; };
		AEDCF7E51954993C00546D00 /* IASKSpecifierValuesViewController.h */ = {isa = PBXFileReference; fileEncoding = 4; lastKnownFileType = sourcecode.c.h; path = IASKSpecifierValuesViewController.h; sourceTree = "<group>"; };
		AEDCF7E61954993C00546D00 /* IASKSpecifierValuesViewController.m */ = {isa = PBXFileReference; fileEncoding = 4; lastKnownFileType = sourcecode.c.objc; path = IASKSpecifierValuesViewController.m; sourceTree = "<group>"; };
		AEDCF7E71954993C00546D00 /* IASKViewController.h */ = {isa = PBXFileReference; fileEncoding = 4; lastKnownFileType = sourcecode.c.h; path = IASKViewController.h; sourceTree = "<group>"; };
		AEDCF7E91954993C00546D00 /* IASKSettingsReader.h */ = {isa = PBXFileReference; fileEncoding = 4; lastKnownFileType = sourcecode.c.h; path = IASKSettingsReader.h; sourceTree = "<group>"; };
		AEDCF7EA1954993C00546D00 /* IASKSettingsReader.m */ = {isa = PBXFileReference; fileEncoding = 4; lastKnownFileType = sourcecode.c.objc; path = IASKSettingsReader.m; sourceTree = "<group>"; };
		AEDCF7EB1954993C00546D00 /* IASKSettingsStore.h */ = {isa = PBXFileReference; fileEncoding = 4; lastKnownFileType = sourcecode.c.h; path = IASKSettingsStore.h; sourceTree = "<group>"; };
		AEDCF7EC1954993C00546D00 /* IASKSettingsStore.m */ = {isa = PBXFileReference; fileEncoding = 4; lastKnownFileType = sourcecode.c.objc; path = IASKSettingsStore.m; sourceTree = "<group>"; };
		AEDCF7ED1954993C00546D00 /* IASKSettingsStoreFile.h */ = {isa = PBXFileReference; fileEncoding = 4; lastKnownFileType = sourcecode.c.h; path = IASKSettingsStoreFile.h; sourceTree = "<group>"; };
		AEDCF7EE1954993C00546D00 /* IASKSettingsStoreFile.m */ = {isa = PBXFileReference; fileEncoding = 4; lastKnownFileType = sourcecode.c.objc; path = IASKSettingsStoreFile.m; sourceTree = "<group>"; };
		AEDCF7EF1954993C00546D00 /* IASKSettingsStoreUserDefaults.h */ = {isa = PBXFileReference; fileEncoding = 4; lastKnownFileType = sourcecode.c.h; path = IASKSettingsStoreUserDefaults.h; sourceTree = "<group>"; };
		AEDCF7F01954993C00546D00 /* IASKSettingsStoreUserDefaults.m */ = {isa = PBXFileReference; fileEncoding = 4; lastKnownFileType = sourcecode.c.objc; path = IASKSettingsStoreUserDefaults.m; sourceTree = "<group>"; };
		AEDCF7F11954993C00546D00 /* IASKSpecifier.h */ = {isa = PBXFileReference; fileEncoding = 4; lastKnownFileType = sourcecode.c.h; path = IASKSpecifier.h; sourceTree = "<group>"; };
		AEDCF7F21954993C00546D00 /* IASKSpecifier.m */ = {isa = PBXFileReference; fileEncoding = 4; lastKnownFileType = sourcecode.c.objc; path = IASKSpecifier.m; sourceTree = "<group>"; };
		AEDCF7F41954993C00546D00 /* IASKPSSliderSpecifierViewCell.h */ = {isa = PBXFileReference; fileEncoding = 4; lastKnownFileType = sourcecode.c.h; path = IASKPSSliderSpecifierViewCell.h; sourceTree = "<group>"; };
		AEDCF7F51954993C00546D00 /* IASKPSSliderSpecifierViewCell.m */ = {isa = PBXFileReference; fileEncoding = 4; lastKnownFileType = sourcecode.c.objc; path = IASKPSSliderSpecifierViewCell.m; sourceTree = "<group>"; };
		AEDCF7F61954993C00546D00 /* IASKPSTextFieldSpecifierViewCell.h */ = {isa = PBXFileReference; fileEncoding = 4; lastKnownFileType = sourcecode.c.h; path = IASKPSTextFieldSpecifierViewCell.h; sourceTree = "<group>"; };
		AEDCF7F71954993C00546D00 /* IASKPSTextFieldSpecifierViewCell.m */ = {isa = PBXFileReference; fileEncoding = 4; lastKnownFileType = sourcecode.c.objc; path = IASKPSTextFieldSpecifierViewCell.m; sourceTree = "<group>"; };
		AEDCF7F81954993C00546D00 /* IASKPSTitleValueSpecifierViewCell.h */ = {isa = PBXFileReference; fileEncoding = 4; lastKnownFileType = sourcecode.c.h; path = IASKPSTitleValueSpecifierViewCell.h; sourceTree = "<group>"; };
		AEDCF7F91954993C00546D00 /* IASKPSTitleValueSpecifierViewCell.m */ = {isa = PBXFileReference; fileEncoding = 4; lastKnownFileType = sourcecode.c.objc; path = IASKPSTitleValueSpecifierViewCell.m; sourceTree = "<group>"; };
		AEDCF7FA1954993C00546D00 /* IASKSlider.h */ = {isa = PBXFileReference; fileEncoding = 4; lastKnownFileType = sourcecode.c.h; path = IASKSlider.h; sourceTree = "<group>"; };
		AEDCF7FB1954993C00546D00 /* IASKSlider.m */ = {isa = PBXFileReference; fileEncoding = 4; lastKnownFileType = sourcecode.c.objc; path = IASKSlider.m; sourceTree = "<group>"; };
		AEDCF7FC1954993C00546D00 /* IASKSwitch.h */ = {isa = PBXFileReference; fileEncoding = 4; lastKnownFileType = sourcecode.c.h; path = IASKSwitch.h; sourceTree = "<group>"; };
		AEDCF7FD1954993C00546D00 /* IASKSwitch.m */ = {isa = PBXFileReference; fileEncoding = 4; lastKnownFileType = sourcecode.c.objc; path = IASKSwitch.m; sourceTree = "<group>"; };
		AEDCF7FE1954993C00546D00 /* IASKTextField.h */ = {isa = PBXFileReference; fileEncoding = 4; lastKnownFileType = sourcecode.c.h; path = IASKTextField.h; sourceTree = "<group>"; };
		AEDCF7FF1954993C00546D00 /* IASKTextField.m */ = {isa = PBXFileReference; fileEncoding = 4; lastKnownFileType = sourcecode.c.objc; path = IASKTextField.m; sourceTree = "<group>"; };
		AEDCF80E1954997900546D00 /* Settings.bundle */ = {isa = PBXFileReference; lastKnownFileType = "wrapper.plug-in"; path = Settings.bundle; sourceTree = "<group>"; };
/* End PBXFileReference section */

/* Begin PBXFrameworksBuildPhase section */
		075A2F37193D1D8C002E8926 /* Frameworks */ = {
			isa = PBXFrameworksBuildPhase;
			buildActionMask = 2147483647;
			files = (
				AEDCF7D6194B8AAE00546D00 /* CoreMedia.framework in Frameworks */,
				AEDCF7D7194B8AAE00546D00 /* CoreVideo.framework in Frameworks */,
				AEDCF7D8194B8AAE00546D00 /* QuartzCore.framework in Frameworks */,
				AEDCF7D2194B8A8D00546D00 /* CoreImage.framework in Frameworks */,
				075A2F40193D1D8C002E8926 /* CoreGraphics.framework in Frameworks */,
				AEDCF7D0194B8A7600546D00 /* AVFoundation.framework in Frameworks */,
				AEDCF7CE194B8A6C00546D00 /* AssetsLibrary.framework in Frameworks */,
				AEDCF7CC194B8A6500546D00 /* Accelerate.framework in Frameworks */,
				075A2F73193D1DB6002E8926 /* opencv2.framework in Frameworks */,
				075A2F75193DF197002E8926 /* AudioToolbox.framework in Frameworks */,
				075A2F42193D1D8C002E8926 /* UIKit.framework in Frameworks */,
				075A2F3E193D1D8C002E8926 /* Foundation.framework in Frameworks */,
			);
			runOnlyForDeploymentPostprocessing = 0;
		};
		075A2F58193D1D8C002E8926 /* Frameworks */ = {
			isa = PBXFrameworksBuildPhase;
			buildActionMask = 2147483647;
			files = (
				075A2F5D193D1D8C002E8926 /* XCTest.framework in Frameworks */,
				075A2F5F193D1D8C002E8926 /* UIKit.framework in Frameworks */,
				075A2F5E193D1D8C002E8926 /* Foundation.framework in Frameworks */,
			);
			runOnlyForDeploymentPostprocessing = 0;
		};
/* End PBXFrameworksBuildPhase section */

/* Begin PBXGroup section */
		075A2F31193D1D8C002E8926 = {
			isa = PBXGroup;
			children = (
				AEDCF80E1954997900546D00 /* Settings.bundle */,
				AEDCF7DF1954993C00546D00 /* InAppSettingsKit */,
				075A2F43193D1D8C002E8926 /* EasyLaunches */,
				075A2F62193D1D8C002E8926 /* EasyLaunchesTests */,
				075A2F3C193D1D8C002E8926 /* Frameworks */,
				075A2F3B193D1D8C002E8926 /* Products */,
			);
			sourceTree = "<group>";
		};
		075A2F3B193D1D8C002E8926 /* Products */ = {
			isa = PBXGroup;
			children = (
				075A2F3A193D1D8C002E8926 /* EasyLaunches.app */,
				075A2F5B193D1D8C002E8926 /* EasyLaunchesTests.xctest */,
			);
			name = Products;
			sourceTree = "<group>";
		};
		075A2F3C193D1D8C002E8926 /* Frameworks */ = {
			isa = PBXGroup;
			children = (
				AEDCF7D3194B8AAE00546D00 /* CoreMedia.framework */,
				AEDCF7D4194B8AAE00546D00 /* CoreVideo.framework */,
				AEDCF7D5194B8AAE00546D00 /* QuartzCore.framework */,
				AEDCF7D1194B8A8D00546D00 /* CoreImage.framework */,
				AEDCF7CF194B8A7600546D00 /* AVFoundation.framework */,
				AEDCF7CD194B8A6C00546D00 /* AssetsLibrary.framework */,
				AEDCF7CB194B8A6500546D00 /* Accelerate.framework */,
				075A2F74193DF197002E8926 /* AudioToolbox.framework */,
				075A2F72193D1DB6002E8926 /* opencv2.framework */,
				075A2F3D193D1D8C002E8926 /* Foundation.framework */,
				075A2F3F193D1D8C002E8926 /* CoreGraphics.framework */,
				075A2F41193D1D8C002E8926 /* UIKit.framework */,
				075A2F5C193D1D8C002E8926 /* XCTest.framework */,
			);
			name = Frameworks;
			sourceTree = "<group>";
		};
		075A2F43193D1D8C002E8926 /* EasyLaunches */ = {
			isa = PBXGroup;
			children = (
				075A2F76193DF197002E8926 /* EasyLaunches.entitlements */,
				AEDCF7D9194B90D700546D00 /* ELImageProcessing.h */,
				AEDCF7DA194B90D700546D00 /* ELImageProcessing.mm */,
				07EC69BE1954F00B00060743 /* ELWSConnector.h */,
				07EC69BF1954F00B00060743 /* ELWSConnector.m */,
				07EC69BB1954D36100060743 /* ELTransaction.h */,
				07EC69BC1954D36100060743 /* ELTransaction.m */,
				075A2F4C193D1D8C002E8926 /* ELAppDelegate.h */,
				075A2F4D193D1D8C002E8926 /* ELAppDelegate.m */,
				075A2F4F193D1D8C002E8926 /* Main.storyboard */,
				07EC69C81955E0E400060743 /* ELSendToCloudViewController.h */,
				07EC69C91955E0E400060743 /* ELSendToCloudViewController.m */,
				075A2F52193D1D8C002E8926 /* ELViewController.h */,
				075A2F53193D1D8C002E8926 /* ELViewController.mm */,
				075A2F55193D1D8C002E8926 /* Images.xcassets */,
				075A2F44193D1D8C002E8926 /* Supporting Files */,
			);
			path = EasyLaunches;
			sourceTree = "<group>";
		};
		075A2F44193D1D8C002E8926 /* Supporting Files */ = {
			isa = PBXGroup;
			children = (
				AE39D75F195DF3590042BE9D /* EL_Images */,
				AEAC9474195DC0300077458A /* startEL 2b.png */,
				AEAC9475195DC0300077458A /* startEL copy.png */,
				075A2F45193D1D8C002E8926 /* EasyLaunches-Info.plist */,
				075A2F46193D1D8C002E8926 /* InfoPlist.strings */,
				075A2F49193D1D8C002E8926 /* main.m */,
				075A2F4B193D1D8C002E8926 /* EasyLaunches-Prefix.pch */,
			);
			name = "Supporting Files";
			sourceTree = "<group>";
		};
		075A2F62193D1D8C002E8926 /* EasyLaunchesTests */ = {
			isa = PBXGroup;
			children = (
				075A2F68193D1D8C002E8926 /* EasyLaunchesTests.m */,
				075A2F63193D1D8C002E8926 /* Supporting Files */,
			);
			path = EasyLaunchesTests;
			sourceTree = "<group>";
		};
		075A2F63193D1D8C002E8926 /* Supporting Files */ = {
			isa = PBXGroup;
			children = (
				075A2F64193D1D8C002E8926 /* EasyLaunchesTests-Info.plist */,
				075A2F65193D1D8C002E8926 /* InfoPlist.strings */,
			);
			name = "Supporting Files";
			sourceTree = "<group>";
		};
		AE39D75F195DF3590042BE9D /* EL_Images */ = {
			isa = PBXGroup;
			children = (
				AE39D760195DF3590042BE9D /* eraser-32.png */,
				AE39D761195DF3590042BE9D /* marker_pen-32.png */,
				AE39D762195DF3590042BE9D /* no-photo.jpeg */,
				AE39D763195DF3590042BE9D /* sent-32.png */,
				AE39D764195DF3590042BE9D /* settings-32.png */,
				AE39D765195DF3590042BE9D /* slr_camera2-32.png */,
				AE39D766195DF3590042BE9D /* stack_of_photos-32.png */,
				AE39D767195DF3590042BE9D /* upload_to_cloud_filled-32.png */,
			);
			path = EL_Images;
			sourceTree = "<group>";
		};
		AEDCF7DF1954993C00546D00 /* InAppSettingsKit */ = {
			isa = PBXGroup;
			children = (
				AEDCF7E01954993C00546D00 /* Controllers */,
				AEDCF7E81954993C00546D00 /* Models */,
				AEDCF7F31954993C00546D00 /* Views */,
			);
			path = InAppSettingsKit;
			sourceTree = SOURCE_ROOT;
		};
		AEDCF7E01954993C00546D00 /* Controllers */ = {
			isa = PBXGroup;
			children = (
				AEDCF7E11954993C00546D00 /* IASKAppSettingsViewController.h */,
				AEDCF7E21954993C00546D00 /* IASKAppSettingsViewController.m */,
				AEDCF7E31954993C00546D00 /* IASKAppSettingsWebViewController.h */,
				AEDCF7E41954993C00546D00 /* IASKAppSettingsWebViewController.m */,
				AEDCF7E51954993C00546D00 /* IASKSpecifierValuesViewController.h */,
				AEDCF7E61954993C00546D00 /* IASKSpecifierValuesViewController.m */,
				AEDCF7E71954993C00546D00 /* IASKViewController.h */,
			);
			path = Controllers;
			sourceTree = "<group>";
		};
		AEDCF7E81954993C00546D00 /* Models */ = {
			isa = PBXGroup;
			children = (
				AEDCF7E91954993C00546D00 /* IASKSettingsReader.h */,
				AEDCF7EA1954993C00546D00 /* IASKSettingsReader.m */,
				AEDCF7EB1954993C00546D00 /* IASKSettingsStore.h */,
				AEDCF7EC1954993C00546D00 /* IASKSettingsStore.m */,
				AEDCF7ED1954993C00546D00 /* IASKSettingsStoreFile.h */,
				AEDCF7EE1954993C00546D00 /* IASKSettingsStoreFile.m */,
				AEDCF7EF1954993C00546D00 /* IASKSettingsStoreUserDefaults.h */,
				AEDCF7F01954993C00546D00 /* IASKSettingsStoreUserDefaults.m */,
				AEDCF7F11954993C00546D00 /* IASKSpecifier.h */,
				AEDCF7F21954993C00546D00 /* IASKSpecifier.m */,
			);
			path = Models;
			sourceTree = "<group>";
		};
		AEDCF7F31954993C00546D00 /* Views */ = {
			isa = PBXGroup;
			children = (
				AEDCF7F41954993C00546D00 /* IASKPSSliderSpecifierViewCell.h */,
				AEDCF7F51954993C00546D00 /* IASKPSSliderSpecifierViewCell.m */,
				AEDCF7F61954993C00546D00 /* IASKPSTextFieldSpecifierViewCell.h */,
				AEDCF7F71954993C00546D00 /* IASKPSTextFieldSpecifierViewCell.m */,
				AEDCF7F81954993C00546D00 /* IASKPSTitleValueSpecifierViewCell.h */,
				AEDCF7F91954993C00546D00 /* IASKPSTitleValueSpecifierViewCell.m */,
				AEDCF7FA1954993C00546D00 /* IASKSlider.h */,
				AEDCF7FB1954993C00546D00 /* IASKSlider.m */,
				AEDCF7FC1954993C00546D00 /* IASKSwitch.h */,
				AEDCF7FD1954993C00546D00 /* IASKSwitch.m */,
				AEDCF7FE1954993C00546D00 /* IASKTextField.h */,
				AEDCF7FF1954993C00546D00 /* IASKTextField.m */,
			);
			path = Views;
			sourceTree = "<group>";
		};
/* End PBXGroup section */

/* Begin PBXNativeTarget section */
		075A2F39193D1D8C002E8926 /* EasyLaunches */ = {
			isa = PBXNativeTarget;
			buildConfigurationList = 075A2F6C193D1D8C002E8926 /* Build configuration list for PBXNativeTarget "EasyLaunches" */;
			buildPhases = (
				075A2F36193D1D8C002E8926 /* Sources */,
				075A2F37193D1D8C002E8926 /* Frameworks */,
				075A2F38193D1D8C002E8926 /* Resources */,
			);
			buildRules = (
			);
			dependencies = (
			);
			name = EasyLaunches;
			productName = EasyLaunches;
			productReference = 075A2F3A193D1D8C002E8926 /* EasyLaunches.app */;
			productType = "com.apple.product-type.application";
		};
		075A2F5A193D1D8C002E8926 /* EasyLaunchesTests */ = {
			isa = PBXNativeTarget;
			buildConfigurationList = 075A2F6F193D1D8C002E8926 /* Build configuration list for PBXNativeTarget "EasyLaunchesTests" */;
			buildPhases = (
				075A2F57193D1D8C002E8926 /* Sources */,
				075A2F58193D1D8C002E8926 /* Frameworks */,
				075A2F59193D1D8C002E8926 /* Resources */,
			);
			buildRules = (
			);
			dependencies = (
				075A2F61193D1D8C002E8926 /* PBXTargetDependency */,
			);
			name = EasyLaunchesTests;
			productName = EasyLaunchesTests;
			productReference = 075A2F5B193D1D8C002E8926 /* EasyLaunchesTests.xctest */;
			productType = "com.apple.product-type.bundle.unit-test";
		};
/* End PBXNativeTarget section */

/* Begin PBXProject section */
		075A2F32193D1D8C002E8926 /* Project object */ = {
			isa = PBXProject;
			attributes = {
				CLASSPREFIX = EL;
				LastUpgradeCheck = 0510;
				ORGANIZATIONNAME = EasyLaunches;
				TargetAttributes = {
					075A2F5A193D1D8C002E8926 = {
						TestTargetID = 075A2F39193D1D8C002E8926;
					};
				};
			};
			buildConfigurationList = 075A2F35193D1D8C002E8926 /* Build configuration list for PBXProject "EasyLaunches" */;
			compatibilityVersion = "Xcode 3.2";
			developmentRegion = English;
			hasScannedForEncodings = 0;
			knownRegions = (
				en,
				Base,
			);
			mainGroup = 075A2F31193D1D8C002E8926;
			productRefGroup = 075A2F3B193D1D8C002E8926 /* Products */;
			projectDirPath = "";
			projectRoot = "";
			targets = (
				075A2F39193D1D8C002E8926 /* EasyLaunches */,
				075A2F5A193D1D8C002E8926 /* EasyLaunchesTests */,
			);
		};
/* End PBXProject section */

/* Begin PBXResourcesBuildPhase section */
		075A2F38193D1D8C002E8926 /* Resources */ = {
			isa = PBXResourcesBuildPhase;
			buildActionMask = 2147483647;
			files = (
				AE39D76B195DF3590042BE9D /* sent-32.png in Resources */,
				075A2F56193D1D8C002E8926 /* Images.xcassets in Resources */,
				AEDCF80F1954997900546D00 /* Settings.bundle in Resources */,
				AEAC9479195DC0300077458A /* startEL 2b.png in Resources */,
				AEAC947A195DC0300077458A /* startEL copy.png in Resources */,
				AE39D76D195DF3590042BE9D /* slr_camera2-32.png in Resources */,
				AE39D76E195DF3590042BE9D /* stack_of_photos-32.png in Resources */,
				AE39D768195DF3590042BE9D /* eraser-32.png in Resources */,
				AE39D76C195DF3590042BE9D /* settings-32.png in Resources */,
				AE39D76A195DF3590042BE9D /* no-photo.jpeg in Resources */,
				AE39D769195DF3590042BE9D /* marker_pen-32.png in Resources */,
				075A2F48193D1D8C002E8926 /* InfoPlist.strings in Resources */,
				AE39D76F195DF3590042BE9D /* upload_to_cloud_filled-32.png in Resources */,
				075A2F51193D1D8C002E8926 /* Main.storyboard in Resources */,
			);
			runOnlyForDeploymentPostprocessing = 0;
		};
		075A2F59193D1D8C002E8926 /* Resources */ = {
			isa = PBXResourcesBuildPhase;
			buildActionMask = 2147483647;
			files = (
				075A2F67193D1D8C002E8926 /* InfoPlist.strings in Resources */,
			);
			runOnlyForDeploymentPostprocessing = 0;
		};
/* End PBXResourcesBuildPhase section */

/* Begin PBXSourcesBuildPhase section */
		075A2F36193D1D8C002E8926 /* Sources */ = {
			isa = PBXSourcesBuildPhase;
			buildActionMask = 2147483647;
			files = (
				AEDCF8081954993C00546D00 /* IASKPSSliderSpecifierViewCell.m in Sources */,
				075A2F54193D1D8C002E8926 /* ELViewController.mm in Sources */,
				AEDCF80B1954993C00546D00 /* IASKSlider.m in Sources */,
				AEDCF8061954993C00546D00 /* IASKSettingsStoreUserDefaults.m in Sources */,
				07EC69C01954F00B00060743 /* ELWSConnector.m in Sources */,
				AEDCF8021954993C00546D00 /* IASKSpecifierValuesViewController.m in Sources */,
				075A2F4A193D1D8C002E8926 /* main.m in Sources */,
				AEDCF80C1954993C00546D00 /* IASKSwitch.m in Sources */,
				AEDCF8071954993C00546D00 /* IASKSpecifier.m in Sources */,
				AEDCF8031954993C00546D00 /* IASKSettingsReader.m in Sources */,
				AEDCF8041954993C00546D00 /* IASKSettingsStore.m in Sources */,
				AEDCF80A1954993C00546D00 /* IASKPSTitleValueSpecifierViewCell.m in Sources */,
				07EC69BD1954D36100060743 /* ELTransaction.m in Sources */,
				AEDCF8011954993C00546D00 /* IASKAppSettingsWebViewController.m in Sources */,
				AEDCF8051954993C00546D00 /* IASKSettingsStoreFile.m in Sources */,
				AEDCF8001954993C00546D00 /* IASKAppSettingsViewController.m in Sources */,
				AEDCF7DB194B90D700546D00 /* ELImageProcessing.mm in Sources */,
				AEDCF80D1954993C00546D00 /* IASKTextField.m in Sources */,
				AEDCF8091954993C00546D00 /* IASKPSTextFieldSpecifierViewCell.m in Sources */,
				075A2F4E193D1D8C002E8926 /* ELAppDelegate.m in Sources */,
				07EC69CA1955E0E400060743 /* ELSendToCloudViewController.m in Sources */,
			);
			runOnlyForDeploymentPostprocessing = 0;
		};
		075A2F57193D1D8C002E8926 /* Sources */ = {
			isa = PBXSourcesBuildPhase;
			buildActionMask = 2147483647;
			files = (
				07EC69CB1955E0E400060743 /* ELSendToCloudViewController.m in Sources */,
				075A2F69193D1D8C002E8926 /* EasyLaunchesTests.m in Sources */,
			);
			runOnlyForDeploymentPostprocessing = 0;
		};
/* End PBXSourcesBuildPhase section */

/* Begin PBXTargetDependency section */
		075A2F61193D1D8C002E8926 /* PBXTargetDependency */ = {
			isa = PBXTargetDependency;
			target = 075A2F39193D1D8C002E8926 /* EasyLaunches */;
			targetProxy = 075A2F60193D1D8C002E8926 /* PBXContainerItemProxy */;
		};
/* End PBXTargetDependency section */

/* Begin PBXVariantGroup section */
		075A2F46193D1D8C002E8926 /* InfoPlist.strings */ = {
			isa = PBXVariantGroup;
			children = (
				075A2F47193D1D8C002E8926 /* en */,
			);
			name = InfoPlist.strings;
			sourceTree = "<group>";
		};
		075A2F4F193D1D8C002E8926 /* Main.storyboard */ = {
			isa = PBXVariantGroup;
			children = (
				075A2F50193D1D8C002E8926 /* Base */,
			);
			name = Main.storyboard;
			sourceTree = "<group>";
		};
		075A2F65193D1D8C002E8926 /* InfoPlist.strings */ = {
			isa = PBXVariantGroup;
			children = (
				075A2F66193D1D8C002E8926 /* en */,
			);
			name = InfoPlist.strings;
			sourceTree = "<group>";
		};
/* End PBXVariantGroup section */

/* Begin XCBuildConfiguration section */
		075A2F6A193D1D8C002E8926 /* Debug */ = {
			isa = XCBuildConfiguration;
			buildSettings = {
				ALWAYS_SEARCH_USER_PATHS = NO;
				CLANG_CXX_LANGUAGE_STANDARD = "gnu++0x";
				CLANG_CXX_LIBRARY = "libc++";
				CLANG_ENABLE_MODULES = YES;
				CLANG_ENABLE_OBJC_ARC = YES;
				CLANG_WARN_BOOL_CONVERSION = YES;
				CLANG_WARN_CONSTANT_CONVERSION = YES;
				CLANG_WARN_DIRECT_OBJC_ISA_USAGE = YES_ERROR;
				CLANG_WARN_EMPTY_BODY = YES;
				CLANG_WARN_ENUM_CONVERSION = YES;
				CLANG_WARN_INT_CONVERSION = YES;
				CLANG_WARN_OBJC_ROOT_CLASS = YES_ERROR;
				CLANG_WARN__DUPLICATE_METHOD_MATCH = YES;
				"CODE_SIGN_IDENTITY[sdk=iphoneos*]" = "iPhone Developer";
				COPY_PHASE_STRIP = NO;
				GCC_C_LANGUAGE_STANDARD = gnu99;
				GCC_DYNAMIC_NO_PIC = NO;
				GCC_OPTIMIZATION_LEVEL = 0;
				GCC_PREPROCESSOR_DEFINITIONS = (
					"DEBUG=1",
					"$(inherited)",
				);
				GCC_SYMBOLS_PRIVATE_EXTERN = NO;
				GCC_WARN_64_TO_32_BIT_CONVERSION = YES;
				GCC_WARN_ABOUT_RETURN_TYPE = YES_ERROR;
				GCC_WARN_UNDECLARED_SELECTOR = YES;
				GCC_WARN_UNINITIALIZED_AUTOS = YES_AGGRESSIVE;
				GCC_WARN_UNUSED_FUNCTION = YES;
				GCC_WARN_UNUSED_VARIABLE = YES;
				IPHONEOS_DEPLOYMENT_TARGET = 7.1;
				ONLY_ACTIVE_ARCH = YES;
				SDKROOT = iphoneos;
			};
			name = Debug;
		};
		075A2F6B193D1D8C002E8926 /* Release */ = {
			isa = XCBuildConfiguration;
			buildSettings = {
				ALWAYS_SEARCH_USER_PATHS = NO;
				CLANG_CXX_LANGUAGE_STANDARD = "gnu++0x";
				CLANG_CXX_LIBRARY = "libc++";
				CLANG_ENABLE_MODULES = YES;
				CLANG_ENABLE_OBJC_ARC = YES;
				CLANG_WARN_BOOL_CONVERSION = YES;
				CLANG_WARN_CONSTANT_CONVERSION = YES;
				CLANG_WARN_DIRECT_OBJC_ISA_USAGE = YES_ERROR;
				CLANG_WARN_EMPTY_BODY = YES;
				CLANG_WARN_ENUM_CONVERSION = YES;
				CLANG_WARN_INT_CONVERSION = YES;
				CLANG_WARN_OBJC_ROOT_CLASS = YES_ERROR;
				CLANG_WARN__DUPLICATE_METHOD_MATCH = YES;
				"CODE_SIGN_IDENTITY[sdk=iphoneos*]" = "iPhone Developer";
				COPY_PHASE_STRIP = YES;
				ENABLE_NS_ASSERTIONS = NO;
				GCC_C_LANGUAGE_STANDARD = gnu99;
				GCC_WARN_64_TO_32_BIT_CONVERSION = YES;
				GCC_WARN_ABOUT_RETURN_TYPE = YES_ERROR;
				GCC_WARN_UNDECLARED_SELECTOR = YES;
				GCC_WARN_UNINITIALIZED_AUTOS = YES_AGGRESSIVE;
				GCC_WARN_UNUSED_FUNCTION = YES;
				GCC_WARN_UNUSED_VARIABLE = YES;
				IPHONEOS_DEPLOYMENT_TARGET = 7.1;
				SDKROOT = iphoneos;
				VALIDATE_PRODUCT = YES;
			};
			name = Release;
		};
		075A2F6D193D1D8C002E8926 /* Debug */ = {
			isa = XCBuildConfiguration;
			buildSettings = {
				ASSETCATALOG_COMPILER_APPICON_NAME = AppIcon;
				ASSETCATALOG_COMPILER_LAUNCHIMAGE_NAME = LaunchImage;
				CODE_SIGN_ENTITLEMENTS = EasyLaunches/EasyLaunches.entitlements;
				CODE_SIGN_IDENTITY = "iPhone Developer";
				"CODE_SIGN_IDENTITY[sdk=iphoneos*]" = "iPhone Developer";
				FRAMEWORK_SEARCH_PATHS = (
					"$(inherited)",
					"$(PROJECT_DIR)",
				);
				GCC_PRECOMPILE_PREFIX_HEADER = YES;
				GCC_PREFIX_HEADER = "EasyLaunches/EasyLaunches-Prefix.pch";
				INFOPLIST_FILE = "EasyLaunches/EasyLaunches-Info.plist";
				PRODUCT_NAME = "$(TARGET_NAME)";
				PROVISIONING_PROFILE = "";
				WRAPPER_EXTENSION = app;
			};
			name = Debug;
		};
		075A2F6E193D1D8C002E8926 /* Release */ = {
			isa = XCBuildConfiguration;
			buildSettings = {
				ASSETCATALOG_COMPILER_APPICON_NAME = AppIcon;
				ASSETCATALOG_COMPILER_LAUNCHIMAGE_NAME = LaunchImage;
				CODE_SIGN_ENTITLEMENTS = EasyLaunches/EasyLaunches.entitlements;
				CODE_SIGN_IDENTITY = "iPhone Developer";
				"CODE_SIGN_IDENTITY[sdk=iphoneos*]" = "iPhone Developer";
				FRAMEWORK_SEARCH_PATHS = (
					"$(inherited)",
					"$(PROJECT_DIR)",
				);
				GCC_PRECOMPILE_PREFIX_HEADER = YES;
				GCC_PREFIX_HEADER = "EasyLaunches/EasyLaunches-Prefix.pch";
				INFOPLIST_FILE = "EasyLaunches/EasyLaunches-Info.plist";
				PRODUCT_NAME = "$(TARGET_NAME)";
				PROVISIONING_PROFILE = "";
				WRAPPER_EXTENSION = app;
			};
			name = Release;
		};
		075A2F70193D1D8C002E8926 /* Debug */ = {
			isa = XCBuildConfiguration;
			buildSettings = {
				BUNDLE_LOADER = "$(BUILT_PRODUCTS_DIR)/EasyLaunches.app/EasyLaunches";
				FRAMEWORK_SEARCH_PATHS = (
					"$(SDKROOT)/Developer/Library/Frameworks",
					"$(inherited)",
					"$(DEVELOPER_FRAMEWORKS_DIR)",
				);
				GCC_PRECOMPILE_PREFIX_HEADER = YES;
				GCC_PREFIX_HEADER = "EasyLaunches/EasyLaunches-Prefix.pch";
				GCC_PREPROCESSOR_DEFINITIONS = (
					"DEBUG=1",
					"$(inherited)",
				);
				INFOPLIST_FILE = "EasyLaunchesTests/EasyLaunchesTests-Info.plist";
				PRODUCT_NAME = "$(TARGET_NAME)";
				TEST_HOST = "$(BUNDLE_LOADER)";
				WRAPPER_EXTENSION = xctest;
			};
			name = Debug;
		};
		075A2F71193D1D8C002E8926 /* Release */ = {
			isa = XCBuildConfiguration;
			buildSettings = {
				BUNDLE_LOADER = "$(BUILT_PRODUCTS_DIR)/EasyLaunches.app/EasyLaunches";
				FRAMEWORK_SEARCH_PATHS = (
					"$(SDKROOT)/Developer/Library/Frameworks",
					"$(inherited)",
					"$(DEVELOPER_FRAMEWORKS_DIR)",
				);
				GCC_PRECOMPILE_PREFIX_HEADER = YES;
				GCC_PREFIX_HEADER = "EasyLaunches/EasyLaunches-Prefix.pch";
				INFOPLIST_FILE = "EasyLaunchesTests/EasyLaunchesTests-Info.plist";
				PRODUCT_NAME = "$(TARGET_NAME)";
				TEST_HOST = "$(BUNDLE_LOADER)";
				WRAPPER_EXTENSION = xctest;
			};
			name = Release;
		};
/* End XCBuildConfiguration section */

/* Begin XCConfigurationList section */
		075A2F35193D1D8C002E8926 /* Build configuration list for PBXProject "EasyLaunches" */ = {
			isa = XCConfigurationList;
			buildConfigurations = (
				075A2F6A193D1D8C002E8926 /* Debug */,
				075A2F6B193D1D8C002E8926 /* Release */,
			);
			defaultConfigurationIsVisible = 0;
			defaultConfigurationName = Release;
		};
		075A2F6C193D1D8C002E8926 /* Build configuration list for PBXNativeTarget "EasyLaunches" */ = {
			isa = XCConfigurationList;
			buildConfigurations = (
				075A2F6D193D1D8C002E8926 /* Debug */,
				075A2F6E193D1D8C002E8926 /* Release */,
			);
			defaultConfigurationIsVisible = 0;
			defaultConfigurationName = Release;
		};
		075A2F6F193D1D8C002E8926 /* Build configuration list for PBXNativeTarget "EasyLaunchesTests" */ = {
			isa = XCConfigurationList;
			buildConfigurations = (
				075A2F70193D1D8C002E8926 /* Debug */,
				075A2F71193D1D8C002E8926 /* Release */,
			);
			defaultConfigurationIsVisible = 0;
			defaultConfigurationName = Release;
		};
/* End XCConfigurationList section */
	};
	rootObject = 075A2F32193D1D8C002E8926 /* Project object */;
}
